
Microsoft Visual Studio Solution File, Format Version 12.00
# Visual Studio Version 16
VisualStudioVersion = 16.0.30114.105
MinimumVisualStudioVersion = 10.0.40219.1
Project("{888888A0-9F3D-457C-B088-3A5042F75D52}") = "boardGame", "boardGame.pyproj", "{D1161D4C-C5AC-42B2-B1AC-AC5EF14F0075}"
EndProject
Global
	GlobalSection(SolutionConfigurationPlatforms) = preSolution
		Debug|Any CPU = Debug|Any CPU
		Release|Any CPU = Release|Any CPU
	EndGlobalSection
	GlobalSection(ProjectConfigurationPlatforms) = postSolution
		{D1161D4C-C5AC-42B2-B1AC-AC5EF14F0075}.Debug|Any CPU.ActiveCfg = Debug|Any CPU
		{D1161D4C-C5AC-42B2-B1AC-AC5EF14F0075}.Release|Any CPU.ActiveCfg = Release|Any CPU
	EndGlobalSection
	GlobalSection(SolutionProperties) = preSolution
		HideSolutionNode = FALSE
	EndGlobalSection
	GlobalSection(ExtensibilityGlobals) = postSolution
		SolutionGuid = {3C5439D1-6D37-43C4-8C46-6AB1455E2E2B}
	EndGlobalSection
EndGlobal
